
Microsoft Visual Studio Solution File, Format Version 12.00
# Visual Studio 2013
VisualStudioVersion = 12.0.30110.0
MinimumVisualStudioVersion = 10.0.40219.1
Project("{FAE04EC0-301F-11D3-BF4B-00C04F79EFBC}") = "Magnus", "teste\Magnus.csproj", "{A806F8B5-C8FA-48C4-8055-04BEEFF17FFE}"
EndProject
Global
	GlobalSection(SolutionConfigurationPlatforms) = preSolution
		Debug|Any CPU = Debug|Any CPU
		Release|Any CPU = Release|Any CPU
	EndGlobalSection
	GlobalSection(ProjectConfigurationPlatforms) = postSolution
		{A806F8B5-C8FA-48C4-8055-04BEEFF17FFE}.Debug|Any CPU.ActiveCfg = Debug|Any CPU
		{A806F8B5-C8FA-48C4-8055-04BEEFF17FFE}.Debug|Any CPU.Build.0 = Debug|Any CPU
		{A806F8B5-C8FA-48C4-8055-04BEEFF17FFE}.Release|Any CPU.ActiveCfg = Release|Any CPU
		{A806F8B5-C8FA-48C4-8055-04BEEFF17FFE}.Release|Any CPU.Build.0 = Release|Any CPU
	EndGlobalSection
	GlobalSection(SolutionProperties) = preSolution
		HideSolutionNode = FALSE
	EndGlobalSection
EndGlobal
