
Microsoft Visual Studio Solution File, Format Version 12.00
# Visual Studio 2013
VisualStudioVersion = 12.0.40629.0
MinimumVisualStudioVersion = 10.0.40219.1
Project("{F088123C-0E9E-452A-89E6-6BA2F21D5CAC}") = "ModelingProject3", "ModelingProject3\ModelingProject3.modelproj", "{B1153B8D-7A4F-4D1E-8DFA-BC3E631AF20D}"
EndProject
Global
	GlobalSection(SolutionConfigurationPlatforms) = preSolution
		Debug|Any CPU = Debug|Any CPU
		Release|Any CPU = Release|Any CPU
	EndGlobalSection
	GlobalSection(ProjectConfigurationPlatforms) = postSolution
		{B1153B8D-7A4F-4D1E-8DFA-BC3E631AF20D}.Debug|Any CPU.ActiveCfg = Debug|Any CPU
		{B1153B8D-7A4F-4D1E-8DFA-BC3E631AF20D}.Debug|Any CPU.Build.0 = Debug|Any CPU
		{B1153B8D-7A4F-4D1E-8DFA-BC3E631AF20D}.Release|Any CPU.ActiveCfg = Release|Any CPU
		{B1153B8D-7A4F-4D1E-8DFA-BC3E631AF20D}.Release|Any CPU.Build.0 = Release|Any CPU
	EndGlobalSection
	GlobalSection(SolutionProperties) = preSolution
		HideSolutionNode = FALSE
	EndGlobalSection
EndGlobal
